
Microsoft Visual Studio Solution File, Format Version 12.00
# Visual Studio Version 17
VisualStudioVersion = 17.4.33403.182
MinimumVisualStudioVersion = 10.0.40219.1
Project("{FAE04EC0-301F-11D3-BF4B-00C04F79EFBC}") = "Logical Programs", "Logical Programs\Logical Programs.csproj", "{31436736-47B3-4E2D-9FB3-F0CE509C8D68}"
EndProject
Global
	GlobalSection(SolutionConfigurationPlatforms) = preSolution
		Debug|Any CPU = Debug|Any CPU
		Release|Any CPU = Release|Any CPU
	EndGlobalSection
	GlobalSection(ProjectConfigurationPlatforms) = postSolution
		{31436736-47B3-4E2D-9FB3-F0CE509C8D68}.Debug|Any CPU.ActiveCfg = Debug|Any CPU
		{31436736-47B3-4E2D-9FB3-F0CE509C8D68}.Debug|Any CPU.Build.0 = Debug|Any CPU
		{31436736-47B3-4E2D-9FB3-F0CE509C8D68}.Release|Any CPU.ActiveCfg = Release|Any CPU
		{31436736-47B3-4E2D-9FB3-F0CE509C8D68}.Release|Any CPU.Build.0 = Release|Any CPU
	EndGlobalSection
	GlobalSection(SolutionProperties) = preSolution
		HideSolutionNode = FALSE
	EndGlobalSection
	GlobalSection(ExtensibilityGlobals) = postSolution
		SolutionGuid = {1BB43AE8-7969-42BB-A1AF-701471CC7D16}
	EndGlobalSection
EndGlobal
